
Microsoft Visual Studio Solution File, Format Version 12.00
# Visual Studio Version 16
VisualStudioVersion = 16.0.33927.289
MinimumVisualStudioVersion = 10.0.40219.1
Project("{2150E333-8FDC-42A3-9474-1A3956D46DE8}") = "Task0", "Task0", "{D859AE7B-959A-4B4E-99CE-D2192E205208}"
EndProject
Project("{FAE04EC0-301F-11D3-BF4B-00C04F79EFBC}") = "Tyuiu.DolgushinVA.Sprint2.Task0.V15", "Tyuiu.DolgushinVA.Sprint2.Task0.V15\Tyuiu.DolgushinVA.Sprint2.Task0.V15.csproj", "{823512B2-C6D9-4995-BE46-9DEFDA72E435}"
EndProject
Project("{FAE04EC0-301F-11D3-BF4B-00C04F79EFBC}") = "Tyuiu.DolgushinVA.Sprint2.Task0.V15.Lib", "Tyuiu.DolgushinVA.Sprint2.Task0.V15.Lib\Tyuiu.DolgushinVA.Sprint2.Task0.V15.Lib.csproj", "{0167EB5E-C7EE-4798-86B3-47BFDEFE18D4}"
EndProject
Project("{FAE04EC0-301F-11D3-BF4B-00C04F79EFBC}") = "Tyuiu.DolgushinVA.Sprint2.Task0.V15.Test", "Tyuiu.DolgushinVA.Sprint2.Task0.V15.Test\Tyuiu.DolgushinVA.Sprint2.Task0.V15.Test.csproj", "{67B5F32F-5A7F-47D7-876B-9DCCB1C74492}"
EndProject
Project("{2150E333-8FDC-42A3-9474-1A3956D46DE8}") = "Task1", "Task1", "{A65E3ED6-E940-486F-AE1A-FC8EF6F15E7C}"
EndProject
Project("{FAE04EC0-301F-11D3-BF4B-00C04F79EFBC}") = "Tyuiu.DolgushinVA.Sprint2.Task1.V29", "Tyuiu.DolgushinVA.Sprint2.Task1.V29\Tyuiu.DolgushinVA.Sprint2.Task1.V29.csproj", "{BB3289D7-3658-4B89-AF04-88A186D2EED0}"
EndProject
Project("{FAE04EC0-301F-11D3-BF4B-00C04F79EFBC}") = "Tyuiu.DolgushinVA.Sprint2.Task1.V29.Lib", "Tyuiu.DolgushinVA.Sprint2.Task1.V29.Lib\Tyuiu.DolgushinVA.Sprint2.Task1.V29.Lib.csproj", "{D42588EC-B5CE-4B6E-BEEE-47A67EF6874A}"
EndProject
Project("{FAE04EC0-301F-11D3-BF4B-00C04F79EFBC}") = "Tyuiu.DolgushinVA.Sprint2.Task1.V29.Test", "Tyuiu.DolgushinVA.Sprint2.Task1.V29.Test\Tyuiu.DolgushinVA.Sprint2.Task1.V29.Test.csproj", "{61E59976-2E8B-414C-8A51-E05D24D80A05}"
EndProject
Project("{2150E333-8FDC-42A3-9474-1A3956D46DE8}") = "Task2", "Task2", "{C38FA2F4-D397-4288-A33D-E9883254B172}"
EndProject
Project("{FAE04EC0-301F-11D3-BF4B-00C04F79EFBC}") = "Tyuiu.DolgushinVA.Sprint2.Task2.V16", "Tyuiu.DolgushinVA.Sprint2.Task2.V16\Tyuiu.DolgushinVA.Sprint2.Task2.V16.csproj", "{9E6C5963-59D9-489D-9617-7D7B2426FC9A}"
EndProject
Project("{FAE04EC0-301F-11D3-BF4B-00C04F79EFBC}") = "Tyuiu.DolgushinVA.Sprint2.Task2.V16.Lib", "Tyuiu.DolgushinVA.Sprint2.Task2.V16.Lib\Tyuiu.DolgushinVA.Sprint2.Task2.V16.Lib.csproj", "{905B6ACD-F482-4E76-945B-DCCFB99A885C}"
EndProject
Project("{FAE04EC0-301F-11D3-BF4B-00C04F79EFBC}") = "Tyuiu.DolgushinVA.Sprint2.Task2.V16.Test", "Tyuiu.DolgushinVA.Sprint2.Task2.V16.Test\Tyuiu.DolgushinVA.Sprint2.Task2.V16.Test.csproj", "{F154FAA4-A154-46D9-B0D9-B3590E58C67B}"
EndProject
Project("{2150E333-8FDC-42A3-9474-1A3956D46DE8}") = "Task3", "Task3", "{536BF41B-88B6-4872-BA1C-2716F32FAC3F}"
EndProject
Project("{FAE04EC0-301F-11D3-BF4B-00C04F79EFBC}") = "Tyuiu.DolgushinVA.Sprint2.Task3.V7", "Tyuiu.DolgushinVA.Sprint2.Task3.V7\Tyuiu.DolgushinVA.Sprint2.Task3.V7.csproj", "{C50B8E21-BEDA-494E-9BEC-4FB38F764A68}"
EndProject
Project("{FAE04EC0-301F-11D3-BF4B-00C04F79EFBC}") = "Tyuiu.DolgushinVA.Sprint2.Task3.V7.Lib", "Tyuiu.DolgushinVA.Sprint2.Task3.V7.Lib\Tyuiu.DolgushinVA.Sprint2.Task3.V7.Lib.csproj", "{22B307BA-1933-40DE-8508-1127E31F4423}"
EndProject
Project("{FAE04EC0-301F-11D3-BF4B-00C04F79EFBC}") = "Tyuiu.DolgushinVA.Sprint2.Task3.V7.Test", "Tyuiu.DolgushinVA.Sprint2.Task3.V7.Test\Tyuiu.DolgushinVA.Sprint2.Task3.V7.Test.csproj", "{F2D94370-7DD6-49B6-8630-825391CE381D}"
EndProject
Project("{2150E333-8FDC-42A3-9474-1A3956D46DE8}") = "Task4", "Task4", "{434C326D-076C-4277-9026-168F9B45E4D8}"
EndProject
Project("{FAE04EC0-301F-11D3-BF4B-00C04F79EFBC}") = "Tyuiu.DolgushinVA.Sprint2.Task4.V12", "Tyuiu.DolgushinVA.Sprint2.Task4.V12\Tyuiu.DolgushinVA.Sprint2.Task4.V12.csproj", "{E55B7CA7-D5ED-47F1-B6A8-1C12014345A1}"
EndProject
Project("{FAE04EC0-301F-11D3-BF4B-00C04F79EFBC}") = "Tyuiu.DolgushinVA.Sprint2.Task4.V12.Lib", "Tyuiu.DolgushinVA.Sprint2.Task4.V12.Lib\Tyuiu.DolgushinVA.Sprint2.Task4.V12.Lib.csproj", "{05A95E8C-D7E1-421A-9086-2853A9A7901D}"
EndProject
Project("{FAE04EC0-301F-11D3-BF4B-00C04F79EFBC}") = "Tyuiu.DolgushinVA.Sprint2.Task4.V12.Test", "Tyuiu.DolgushinVA.Sprint2.Task4.V12.Test\Tyuiu.DolgushinVA.Sprint2.Task4.V12.Test.csproj", "{0381041C-89D1-4082-9264-A90EE75FE5D8}"
EndProject
Project("{2150E333-8FDC-42A3-9474-1A3956D46DE8}") = "Task5", "Task5", "{2E13AAD7-68B7-48E9-83DC-779CE2E3F1FB}"
EndProject
Project("{FAE04EC0-301F-11D3-BF4B-00C04F79EFBC}") = "Tyuiu.DolgushinVA.Sprint2.Task5.V11", "Tyuiu.DolgushinVA.Sprint2.Task5.V11\Tyuiu.DolgushinVA.Sprint2.Task5.V11.csproj", "{943FBF78-2AE4-4631-BA5C-D66F1C4131DE}"
EndProject
Project("{FAE04EC0-301F-11D3-BF4B-00C04F79EFBC}") = "Tyuiu.DolgushinVA.Sprint2.Task5.V11.Lib", "Tyuiu.DolgushinVA.Sprint2.Task5.V11.Lib\Tyuiu.DolgushinVA.Sprint2.Task5.V11.Lib.csproj", "{47FEDD62-91DB-4600-AFA7-CC0232432B8F}"
EndProject
Project("{FAE04EC0-301F-11D3-BF4B-00C04F79EFBC}") = "Tyuiu.DolgushinVA.Sprint2.Task5.V11.Test", "Tyuiu.DolgushinVA.Sprint2.Task5.V11.Test\Tyuiu.DolgushinVA.Sprint2.Task5.V11.Test.csproj", "{465DF0FB-2BBD-422E-A3EA-8832A9C2D860}"
EndProject
Project("{2150E333-8FDC-42A3-9474-1A3956D46DE8}") = "Task6", "Task6", "{24CC2E7A-42A2-47D3-BF58-320AC7A5D4ED}"
EndProject
Project("{FAE04EC0-301F-11D3-BF4B-00C04F79EFBC}") = "Tyuiu.DolgushinVA.Sprint2.Task6.V9", "Tyuiu.DolgushinVA.Sprint2.Task6.V9\Tyuiu.DolgushinVA.Sprint2.Task6.V9.csproj", "{93F70CE4-6D78-45C3-BFB7-B98DE47930E0}"
EndProject
Project("{FAE04EC0-301F-11D3-BF4B-00C04F79EFBC}") = "Tyuiu.DolgushinVA.Sprint2.Task6.V9.Lib", "Tyuiu.DolgushinVA.Sprint2.Task6.V9.Lib\Tyuiu.DolgushinVA.Sprint2.Task6.V9.Lib.csproj", "{7A9380D0-814C-4A93-8E16-CD4D581754DA}"
EndProject
Project("{FAE04EC0-301F-11D3-BF4B-00C04F79EFBC}") = "Tyuiu.DolgushinVA.Sprint2.Task6.V9.Test", "Tyuiu.DolgushinVA.Sprint2.Task6.V9.Test\Tyuiu.DolgushinVA.Sprint2.Task6.V9.Test.csproj", "{76F172B1-5D28-475D-A03D-A5BCF1FD0081}"
EndProject
Project("{2150E333-8FDC-42A3-9474-1A3956D46DE8}") = "Task7", "Task7", "{FA459D8E-D330-4870-B2E5-0EB115CA7BB7}"
EndProject
Project("{FAE04EC0-301F-11D3-BF4B-00C04F79EFBC}") = "Tyuiu.DolgushinVA.Sprint2.Task7.V9", "Tyuiu.DolgushinVA.Sprint2.Task7.V9\Tyuiu.DolgushinVA.Sprint2.Task7.V9.csproj", "{69DC696F-A3A5-4894-A047-8248DBC5E92D}"
EndProject
Project("{FAE04EC0-301F-11D3-BF4B-00C04F79EFBC}") = "Tyuiu.DolgushinVA.Sprint2.Task7.V9.Lib", "Tyuiu.DolgushinVA.Sprint2.Task7.V9.Lib\Tyuiu.DolgushinVA.Sprint2.Task7.V9.Lib.csproj", "{78361F4E-18CC-4689-A0DA-897B24704916}"
EndProject
Project("{FAE04EC0-301F-11D3-BF4B-00C04F79EFBC}") = "Tyuiu.DolgushinVA.Sprint2.Task7.V9.Test", "Tyuiu.DolgushinVA.Sprint2.Task7.V9.Test\Tyuiu.DolgushinVA.Sprint2.Task7.V9.Test.csproj", "{330BB96F-6389-4B34-A49D-B30AC89E639B}"
EndProject
Global
	GlobalSection(SolutionConfigurationPlatforms) = preSolution
		Debug|Any CPU = Debug|Any CPU
		Release|Any CPU = Release|Any CPU
	EndGlobalSection
	GlobalSection(ProjectConfigurationPlatforms) = postSolution
		{823512B2-C6D9-4995-BE46-9DEFDA72E435}.Debug|Any CPU.ActiveCfg = Debug|Any CPU
		{823512B2-C6D9-4995-BE46-9DEFDA72E435}.Debug|Any CPU.Build.0 = Debug|Any CPU
		{823512B2-C6D9-4995-BE46-9DEFDA72E435}.Release|Any CPU.ActiveCfg = Release|Any CPU
		{823512B2-C6D9-4995-BE46-9DEFDA72E435}.Release|Any CPU.Build.0 = Release|Any CPU
		{0167EB5E-C7EE-4798-86B3-47BFDEFE18D4}.Debug|Any CPU.ActiveCfg = Debug|Any CPU
		{0167EB5E-C7EE-4798-86B3-47BFDEFE18D4}.Debug|Any CPU.Build.0 = Debug|Any CPU
		{0167EB5E-C7EE-4798-86B3-47BFDEFE18D4}.Release|Any CPU.ActiveCfg = Release|Any CPU
		{0167EB5E-C7EE-4798-86B3-47BFDEFE18D4}.Release|Any CPU.Build.0 = Release|Any CPU
		{67B5F32F-5A7F-47D7-876B-9DCCB1C74492}.Debug|Any CPU.ActiveCfg = Debug|Any CPU
		{67B5F32F-5A7F-47D7-876B-9DCCB1C74492}.Debug|Any CPU.Build.0 = Debug|Any CPU
		{67B5F32F-5A7F-47D7-876B-9DCCB1C74492}.Release|Any CPU.ActiveCfg = Release|Any CPU
		{67B5F32F-5A7F-47D7-876B-9DCCB1C74492}.Release|Any CPU.Build.0 = Release|Any CPU
		{BB3289D7-3658-4B89-AF04-88A186D2EED0}.Debug|Any CPU.ActiveCfg = Debug|Any CPU
		{BB3289D7-3658-4B89-AF04-88A186D2EED0}.Debug|Any CPU.Build.0 = Debug|Any CPU
		{BB3289D7-3658-4B89-AF04-88A186D2EED0}.Release|Any CPU.ActiveCfg = Release|Any CPU
		{BB3289D7-3658-4B89-AF04-88A186D2EED0}.Release|Any CPU.Build.0 = Release|Any CPU
		{D42588EC-B5CE-4B6E-BEEE-47A67EF6874A}.Debug|Any CPU.ActiveCfg = Debug|Any CPU
		{D42588EC-B5CE-4B6E-BEEE-47A67EF6874A}.Debug|Any CPU.Build.0 = Debug|Any CPU
		{D42588EC-B5CE-4B6E-BEEE-47A67EF6874A}.Release|Any CPU.ActiveCfg = Release|Any CPU
		{D42588EC-B5CE-4B6E-BEEE-47A67EF6874A}.Release|Any CPU.Build.0 = Release|Any CPU
		{61E59976-2E8B-414C-8A51-E05D24D80A05}.Debug|Any CPU.ActiveCfg = Debug|Any CPU
		{61E59976-2E8B-414C-8A51-E05D24D80A05}.Debug|Any CPU.Build.0 = Debug|Any CPU
		{61E59976-2E8B-414C-8A51-E05D24D80A05}.Release|Any CPU.ActiveCfg = Release|Any CPU
		{61E59976-2E8B-414C-8A51-E05D24D80A05}.Release|Any CPU.Build.0 = Release|Any CPU
		{9E6C5963-59D9-489D-9617-7D7B2426FC9A}.Debug|Any CPU.ActiveCfg = Debug|Any CPU
		{9E6C5963-59D9-489D-9617-7D7B2426FC9A}.Debug|Any CPU.Build.0 = Debug|Any CPU
		{9E6C5963-59D9-489D-9617-7D7B2426FC9A}.Release|Any CPU.ActiveCfg = Release|Any CPU
		{9E6C5963-59D9-489D-9617-7D7B2426FC9A}.Release|Any CPU.Build.0 = Release|Any CPU
		{905B6ACD-F482-4E76-945B-DCCFB99A885C}.Debug|Any CPU.ActiveCfg = Debug|Any CPU
		{905B6ACD-F482-4E76-945B-DCCFB99A885C}.Debug|Any CPU.Build.0 = Debug|Any CPU
		{905B6ACD-F482-4E76-945B-DCCFB99A885C}.Release|Any CPU.ActiveCfg = Release|Any CPU
		{905B6ACD-F482-4E76-945B-DCCFB99A885C}.Release|Any CPU.Build.0 = Release|Any CPU
		{F154FAA4-A154-46D9-B0D9-B3590E58C67B}.Debug|Any CPU.ActiveCfg = Debug|Any CPU
		{F154FAA4-A154-46D9-B0D9-B3590E58C67B}.Debug|Any CPU.Build.0 = Debug|Any CPU
		{F154FAA4-A154-46D9-B0D9-B3590E58C67B}.Release|Any CPU.ActiveCfg = Release|Any CPU
		{F154FAA4-A154-46D9-B0D9-B3590E58C67B}.Release|Any CPU.Build.0 = Release|Any CPU
		{C50B8E21-BEDA-494E-9BEC-4FB38F764A68}.Debug|Any CPU.ActiveCfg = Debug|Any CPU
		{C50B8E21-BEDA-494E-9BEC-4FB38F764A68}.Debug|Any CPU.Build.0 = Debug|Any CPU
		{C50B8E21-BEDA-494E-9BEC-4FB38F764A68}.Release|Any CPU.ActiveCfg = Release|Any CPU
		{C50B8E21-BEDA-494E-9BEC-4FB38F764A68}.Release|Any CPU.Build.0 = Release|Any CPU
		{22B307BA-1933-40DE-8508-1127E31F4423}.Debug|Any CPU.ActiveCfg = Debug|Any CPU
		{22B307BA-1933-40DE-8508-1127E31F4423}.Debug|Any CPU.Build.0 = Debug|Any CPU
		{22B307BA-1933-40DE-8508-1127E31F4423}.Release|Any CPU.ActiveCfg = Release|Any CPU
		{22B307BA-1933-40DE-8508-1127E31F4423}.Release|Any CPU.Build.0 = Release|Any CPU
		{F2D94370-7DD6-49B6-8630-825391CE381D}.Debug|Any CPU.ActiveCfg = Debug|Any CPU
		{F2D94370-7DD6-49B6-8630-825391CE381D}.Debug|Any CPU.Build.0 = Debug|Any CPU
		{F2D94370-7DD6-49B6-8630-825391CE381D}.Release|Any CPU.ActiveCfg = Release|Any CPU
		{F2D94370-7DD6-49B6-8630-825391CE381D}.Release|Any CPU.Build.0 = Release|Any CPU
		{E55B7CA7-D5ED-47F1-B6A8-1C12014345A1}.Debug|Any CPU.ActiveCfg = Debug|Any CPU
		{E55B7CA7-D5ED-47F1-B6A8-1C12014345A1}.Debug|Any CPU.Build.0 = Debug|Any CPU
		{E55B7CA7-D5ED-47F1-B6A8-1C12014345A1}.Release|Any CPU.ActiveCfg = Release|Any CPU
		{E55B7CA7-D5ED-47F1-B6A8-1C12014345A1}.Release|Any CPU.Build.0 = Release|Any CPU
		{05A95E8C-D7E1-421A-9086-2853A9A7901D}.Debug|Any CPU.ActiveCfg = Debug|Any CPU
		{05A95E8C-D7E1-421A-9086-2853A9A7901D}.Debug|Any CPU.Build.0 = Debug|Any CPU
		{05A95E8C-D7E1-421A-9086-2853A9A7901D}.Release|Any CPU.ActiveCfg = Release|Any CPU
		{05A95E8C-D7E1-421A-9086-2853A9A7901D}.Release|Any CPU.Build.0 = Release|Any CPU
		{0381041C-89D1-4082-9264-A90EE75FE5D8}.Debug|Any CPU.ActiveCfg = Debug|Any CPU
		{0381041C-89D1-4082-9264-A90EE75FE5D8}.Debug|Any CPU.Build.0 = Debug|Any CPU
		{0381041C-89D1-4082-9264-A90EE75FE5D8}.Release|Any CPU.ActiveCfg = Release|Any CPU
		{0381041C-89D1-4082-9264-A90EE75FE5D8}.Release|Any CPU.Build.0 = Release|Any CPU
		{943FBF78-2AE4-4631-BA5C-D66F1C4131DE}.Debug|Any CPU.ActiveCfg = Debug|Any CPU
		{943FBF78-2AE4-4631-BA5C-D66F1C4131DE}.Debug|Any CPU.Build.0 = Debug|Any CPU
		{943FBF78-2AE4-4631-BA5C-D66F1C4131DE}.Release|Any CPU.ActiveCfg = Release|Any CPU
		{943FBF78-2AE4-4631-BA5C-D66F1C4131DE}.Release|Any CPU.Build.0 = Release|Any CPU
		{47FEDD62-91DB-4600-AFA7-CC0232432B8F}.Debug|Any CPU.ActiveCfg = Debug|Any CPU
		{47FEDD62-91DB-4600-AFA7-CC0232432B8F}.Debug|Any CPU.Build.0 = Debug|Any CPU
		{47FEDD62-91DB-4600-AFA7-CC0232432B8F}.Release|Any CPU.ActiveCfg = Release|Any CPU
		{47FEDD62-91DB-4600-AFA7-CC0232432B8F}.Release|Any CPU.Build.0 = Release|Any CPU
		{465DF0FB-2BBD-422E-A3EA-8832A9C2D860}.Debug|Any CPU.ActiveCfg = Debug|Any CPU
		{465DF0FB-2BBD-422E-A3EA-8832A9C2D860}.Debug|Any CPU.Build.0 = Debug|Any CPU
		{465DF0FB-2BBD-422E-A3EA-8832A9C2D860}.Release|Any CPU.ActiveCfg = Release|Any CPU
		{465DF0FB-2BBD-422E-A3EA-8832A9C2D860}.Release|Any CPU.Build.0 = Release|Any CPU
		{93F70CE4-6D78-45C3-BFB7-B98DE47930E0}.Debug|Any CPU.ActiveCfg = Debug|Any CPU
		{93F70CE4-6D78-45C3-BFB7-B98DE47930E0}.Debug|Any CPU.Build.0 = Debug|Any CPU
		{93F70CE4-6D78-45C3-BFB7-B98DE47930E0}.Release|Any CPU.ActiveCfg = Release|Any CPU
		{93F70CE4-6D78-45C3-BFB7-B98DE47930E0}.Release|Any CPU.Build.0 = Release|Any CPU
		{7A9380D0-814C-4A93-8E16-CD4D581754DA}.Debug|Any CPU.ActiveCfg = Debug|Any CPU
		{7A9380D0-814C-4A93-8E16-CD4D581754DA}.Debug|Any CPU.Build.0 = Debug|Any CPU
		{7A9380D0-814C-4A93-8E16-CD4D581754DA}.Release|Any CPU.ActiveCfg = Release|Any CPU
		{7A9380D0-814C-4A93-8E16-CD4D581754DA}.Release|Any CPU.Build.0 = Release|Any CPU
		{76F172B1-5D28-475D-A03D-A5BCF1FD0081}.Debug|Any CPU.ActiveCfg = Debug|Any CPU
		{76F172B1-5D28-475D-A03D-A5BCF1FD0081}.Debug|Any CPU.Build.0 = Debug|Any CPU
		{76F172B1-5D28-475D-A03D-A5BCF1FD0081}.Release|Any CPU.ActiveCfg = Release|Any CPU
		{76F172B1-5D28-475D-A03D-A5BCF1FD0081}.Release|Any CPU.Build.0 = Release|Any CPU
		{69DC696F-A3A5-4894-A047-8248DBC5E92D}.Debug|Any CPU.ActiveCfg = Debug|Any CPU
		{69DC696F-A3A5-4894-A047-8248DBC5E92D}.Debug|Any CPU.Build.0 = Debug|Any CPU
		{69DC696F-A3A5-4894-A047-8248DBC5E92D}.Release|Any CPU.ActiveCfg = Release|Any CPU
		{69DC696F-A3A5-4894-A047-8248DBC5E92D}.Release|Any CPU.Build.0 = Release|Any CPU
		{78361F4E-18CC-4689-A0DA-897B24704916}.Debug|Any CPU.ActiveCfg = Debug|Any CPU
		{78361F4E-18CC-4689-A0DA-897B24704916}.Debug|Any CPU.Build.0 = Debug|Any CPU
		{78361F4E-18CC-4689-A0DA-897B24704916}.Release|Any CPU.ActiveCfg = Release|Any CPU
		{78361F4E-18CC-4689-A0DA-897B24704916}.Release|Any CPU.Build.0 = Release|Any CPU
		{330BB96F-6389-4B34-A49D-B30AC89E639B}.Debug|Any CPU.ActiveCfg = Debug|Any CPU
		{330BB96F-6389-4B34-A49D-B30AC89E639B}.Debug|Any CPU.Build.0 = Debug|Any CPU
		{330BB96F-6389-4B34-A49D-B30AC89E639B}.Release|Any CPU.ActiveCfg = Release|Any CPU
		{330BB96F-6389-4B34-A49D-B30AC89E639B}.Release|Any CPU.Build.0 = Release|Any CPU
	EndGlobalSection
	GlobalSection(SolutionProperties) = preSolution
		HideSolutionNode = FALSE
	EndGlobalSection
	GlobalSection(NestedProjects) = preSolution
		{823512B2-C6D9-4995-BE46-9DEFDA72E435} = {D859AE7B-959A-4B4E-99CE-D2192E205208}
		{0167EB5E-C7EE-4798-86B3-47BFDEFE18D4} = {D859AE7B-959A-4B4E-99CE-D2192E205208}
		{67B5F32F-5A7F-47D7-876B-9DCCB1C74492} = {D859AE7B-959A-4B4E-99CE-D2192E205208}
		{BB3289D7-3658-4B89-AF04-88A186D2EED0} = {A65E3ED6-E940-486F-AE1A-FC8EF6F15E7C}
		{D42588EC-B5CE-4B6E-BEEE-47A67EF6874A} = {A65E3ED6-E940-486F-AE1A-FC8EF6F15E7C}
		{61E59976-2E8B-414C-8A51-E05D24D80A05} = {A65E3ED6-E940-486F-AE1A-FC8EF6F15E7C}
		{9E6C5963-59D9-489D-9617-7D7B2426FC9A} = {C38FA2F4-D397-4288-A33D-E9883254B172}
		{905B6ACD-F482-4E76-945B-DCCFB99A885C} = {C38FA2F4-D397-4288-A33D-E9883254B172}
		{F154FAA4-A154-46D9-B0D9-B3590E58C67B} = {C38FA2F4-D397-4288-A33D-E9883254B172}
		{C50B8E21-BEDA-494E-9BEC-4FB38F764A68} = {536BF41B-88B6-4872-BA1C-2716F32FAC3F}
		{22B307BA-1933-40DE-8508-1127E31F4423} = {536BF41B-88B6-4872-BA1C-2716F32FAC3F}
		{F2D94370-7DD6-49B6-8630-825391CE381D} = {536BF41B-88B6-4872-BA1C-2716F32FAC3F}
		{E55B7CA7-D5ED-47F1-B6A8-1C12014345A1} = {434C326D-076C-4277-9026-168F9B45E4D8}
		{05A95E8C-D7E1-421A-9086-2853A9A7901D} = {434C326D-076C-4277-9026-168F9B45E4D8}
		{0381041C-89D1-4082-9264-A90EE75FE5D8} = {434C326D-076C-4277-9026-168F9B45E4D8}
		{943FBF78-2AE4-4631-BA5C-D66F1C4131DE} = {2E13AAD7-68B7-48E9-83DC-779CE2E3F1FB}
		{47FEDD62-91DB-4600-AFA7-CC0232432B8F} = {2E13AAD7-68B7-48E9-83DC-779CE2E3F1FB}
		{465DF0FB-2BBD-422E-A3EA-8832A9C2D860} = {2E13AAD7-68B7-48E9-83DC-779CE2E3F1FB}
		{93F70CE4-6D78-45C3-BFB7-B98DE47930E0} = {24CC2E7A-42A2-47D3-BF58-320AC7A5D4ED}
		{7A9380D0-814C-4A93-8E16-CD4D581754DA} = {24CC2E7A-42A2-47D3-BF58-320AC7A5D4ED}
		{76F172B1-5D28-475D-A03D-A5BCF1FD0081} = {24CC2E7A-42A2-47D3-BF58-320AC7A5D4ED}
		{69DC696F-A3A5-4894-A047-8248DBC5E92D} = {FA459D8E-D330-4870-B2E5-0EB115CA7BB7}
		{78361F4E-18CC-4689-A0DA-897B24704916} = {FA459D8E-D330-4870-B2E5-0EB115CA7BB7}
		{330BB96F-6389-4B34-A49D-B30AC89E639B} = {FA459D8E-D330-4870-B2E5-0EB115CA7BB7}
	EndGlobalSection
	GlobalSection(ExtensibilityGlobals) = postSolution
		SolutionGuid = {D6F0031E-4930-401D-BEE4-57D684D1FF73}
	EndGlobalSection
EndGlobal
